
Microsoft Visual Studio Solution File, Format Version 12.00
# Visual Studio Version 17
VisualStudioVersion = 17.9.34616.47
MinimumVisualStudioVersion = 10.0.40219.1
Project("{54A90642-561A-4BB1-A94E-469ADEE60C69}") = "todolist", "TodoList\todolist.esproj", "{DAA028AE-F0F8-410F-BF0B-AA5BB1861C33}"
EndProject
Global
	GlobalSection(SolutionConfigurationPlatforms) = preSolution
		Debug|Any CPU = Debug|Any CPU
		Release|Any CPU = Release|Any CPU
	EndGlobalSection
	GlobalSection(ProjectConfigurationPlatforms) = postSolution
		{DAA028AE-F0F8-410F-BF0B-AA5BB1861C33}.Debug|Any CPU.ActiveCfg = Debug|Any CPU
		{DAA028AE-F0F8-410F-BF0B-AA5BB1861C33}.Debug|Any CPU.Build.0 = Debug|Any CPU
		{DAA028AE-F0F8-410F-BF0B-AA5BB1861C33}.Debug|Any CPU.Deploy.0 = Debug|Any CPU
		{DAA028AE-F0F8-410F-BF0B-AA5BB1861C33}.Release|Any CPU.ActiveCfg = Release|Any CPU
		{DAA028AE-F0F8-410F-BF0B-AA5BB1861C33}.Release|Any CPU.Build.0 = Release|Any CPU
		{DAA028AE-F0F8-410F-BF0B-AA5BB1861C33}.Release|Any CPU.Deploy.0 = Release|Any CPU
	EndGlobalSection
	GlobalSection(SolutionProperties) = preSolution
		HideSolutionNode = FALSE
	EndGlobalSection
	GlobalSection(ExtensibilityGlobals) = postSolution
		SolutionGuid = {C0C368F0-B0D1-4C09-90D6-836A7FBBEB58}
	EndGlobalSection
EndGlobal
